// !$*UTF8*$!
{
	archiveVersion = 1;
	classes = {
	};
	objectVersion = 46;
	objects = {

/* Begin PBXBuildFile section */
		9000C15017F6B83E000B5CBA /* NSMutableArray+QueueAdditions.m in Sources */ = {isa = PBXBuildFile; fileRef = 9000C14F17F6B83E000B5CBA /* NSMutableArray+QueueAdditions.m */; };
		9000C15317F6B9F4000B5CBA /* HHAction.m in Sources */ = {isa = PBXBuildFile; fileRef = 9000C15217F6B9F4000B5CBA /* HHAction.m */; };
		9000C15A17F6D08F000B5CBA /* HHSpriteNode.m in Sources */ = {isa = PBXBuildFile; fileRef = 9000C15917F6D08F000B5CBA /* HHSpriteNode.m */; };
		9000C15D17F6D39A000B5CBA /* HHTargetNode.m in Sources */ = {isa = PBXBuildFile; fileRef = 9000C15C17F6D39A000B5CBA /* HHTargetNode.m */; };
		9000C15F17F6D44F000B5CBA /* blue_monkey_target~ipad.png in Resources */ = {isa = PBXBuildFile; fileRef = 9000C15E17F6D44F000B5CBA /* blue_monkey_target~ipad.png */; };
		9000C16117F6D456000B5CBA /* blue_monkey_target@2x~ipad.png in Resources */ = {isa = PBXBuildFile; fileRef = 9000C16017F6D456000B5CBA /* blue_monkey_target@2x~ipad.png */; };
		9027C4D217F2B30B0056EFA4 /* Foundation.framework in Frameworks */ = {isa = PBXBuildFile; fileRef = 9027C4D117F2B30B0056EFA4 /* Foundation.framework */; };
		9027C4D417F2B30B0056EFA4 /* CoreGraphics.framework in Frameworks */ = {isa = PBXBuildFile; fileRef = 9027C4D317F2B30B0056EFA4 /* CoreGraphics.framework */; };
		9027C4D617F2B30B0056EFA4 /* UIKit.framework in Frameworks */ = {isa = PBXBuildFile; fileRef = 9027C4D517F2B30B0056EFA4 /* UIKit.framework */; };
		9027C4D817F2B30B0056EFA4 /* SpriteKit.framework in Frameworks */ = {isa = PBXBuildFile; fileRef = 9027C4D717F2B30B0056EFA4 /* SpriteKit.framework */; };
		9027C4FB17F2B30C0056EFA4 /* XCTest.framework in Frameworks */ = {isa = PBXBuildFile; fileRef = 9027C4FA17F2B30C0056EFA4 /* XCTest.framework */; };
		9027C4FC17F2B30C0056EFA4 /* Foundation.framework in Frameworks */ = {isa = PBXBuildFile; fileRef = 9027C4D117F2B30B0056EFA4 /* Foundation.framework */; };
		9027C4FD17F2B30C0056EFA4 /* UIKit.framework in Frameworks */ = {isa = PBXBuildFile; fileRef = 9027C4D517F2B30B0056EFA4 /* UIKit.framework */; };
		9027C51F17F2B4800056EFA4 /* InfoPlist.strings in Resources */ = {isa = PBXBuildFile; fileRef = 9027C51A17F2B4800056EFA4 /* InfoPlist.strings */; };
		9027C52117F2B4800056EFA4 /* Images.xcassets in Resources */ = {isa = PBXBuildFile; fileRef = 9027C51E17F2B4800056EFA4 /* Images.xcassets */; };
		9027C53317F2B9740056EFA4 /* main.m in Sources */ = {isa = PBXBuildFile; fileRef = 9027C53217F2B9740056EFA4 /* main.m */; };
		9027C55C17F2B97D0056EFA4 /* HHAppDelegate.m in Sources */ = {isa = PBXBuildFile; fileRef = 9027C53F17F2B97D0056EFA4 /* HHAppDelegate.m */; };
		9027C55D17F2B97D0056EFA4 /* HHTextureManager.m in Sources */ = {isa = PBXBuildFile; fileRef = 9027C54217F2B97D0056EFA4 /* HHTextureManager.m */; };
		9027C56417F2B97D0056EFA4 /* Random.m in Sources */ = {isa = PBXBuildFile; fileRef = 9027C55517F2B97D0056EFA4 /* Random.m */; };
		9027C56517F2B97D0056EFA4 /* UIApplication+AppDimensions.m in Sources */ = {isa = PBXBuildFile; fileRef = 9027C55717F2B97D0056EFA4 /* UIApplication+AppDimensions.m */; };
		9027C56717F2BA710056EFA4 /* background~ipad.png in Resources */ = {isa = PBXBuildFile; fileRef = 9027C56617F2BA710056EFA4 /* background~ipad.png */; };
		9027C56917F2BA7B0056EFA4 /* background@2x~ipad.png in Resources */ = {isa = PBXBuildFile; fileRef = 9027C56817F2BA7B0056EFA4 /* background@2x~ipad.png */; };
		9027C56A17F2BAD70056EFA4 /* Main_iPad.storyboard in Resources */ = {isa = PBXBuildFile; fileRef = 9027C52317F2B4DB0056EFA4 /* Main_iPad.storyboard */; };
		9027C56B17F2BAD70056EFA4 /* Main_iPhone.storyboard in Resources */ = {isa = PBXBuildFile; fileRef = 9027C52517F2B4DB0056EFA4 /* Main_iPhone.storyboard */; };
		905BF49C17F4675F00871C75 /* HHStateStack.m in Sources */ = {isa = PBXBuildFile; fileRef = 905BF49B17F4675F00871C75 /* HHStateStack.m */; };
		908076C117F6F3CE00617DF0 /* HHNode.m in Sources */ = {isa = PBXBuildFile; fileRef = 908076C017F6F3CE00617DF0 /* HHNode.m */; };
		908076C417F6F85500617DF0 /* HHApplicationViewController.m in Sources */ = {isa = PBXBuildFile; fileRef = 908076C317F6F85500617DF0 /* HHApplicationViewController.m */; };
		90F3DB8417F5BD670002EC60 /* HHState.m in Sources */ = {isa = PBXBuildFile; fileRef = 90F3DB8317F5BD670002EC60 /* HHState.m */; };
		90F3DB8B17F5C9130002EC60 /* HHExampleState.m in Sources */ = {isa = PBXBuildFile; fileRef = 90F3DB8A17F5C9130002EC60 /* HHExampleState.m */; };
		90FBBE4B17F651F4005EAB66 /* HHActionCategories.m in Sources */ = {isa = PBXBuildFile; fileRef = 90FBBE4A17F651F4005EAB66 /* HHActionCategories.m */; };
		90FBBE4E17F6520B005EAB66 /* HHActionQueue.m in Sources */ = {isa = PBXBuildFile; fileRef = 90FBBE4D17F6520B005EAB66 /* HHActionQueue.m */; };
/* End PBXBuildFile section */

/* Begin PBXContainerItemProxy section */
		9027C4FE17F2B30C0056EFA4 /* PBXContainerItemProxy */ = {
			isa = PBXContainerItemProxy;
			containerPortal = 9027C4C617F2B30B0056EFA4 /* Project object */;
			proxyType = 1;
			remoteGlobalIDString = 9027C4CD17F2B30B0056EFA4;
			remoteInfo = "Harlequin-Havoc";
		};
/* End PBXContainerItemProxy section */

/* Begin PBXFileReference section */
		9000C14E17F6B83E000B5CBA /* NSMutableArray+QueueAdditions.h */ = {isa = PBXFileReference; fileEncoding = 4; lastKnownFileType = sourcecode.c.h; path = "NSMutableArray+QueueAdditions.h"; sourceTree = "<group>"; };
		9000C14F17F6B83E000B5CBA /* NSMutableArray+QueueAdditions.m */ = {isa = PBXFileReference; fileEncoding = 4; lastKnownFileType = sourcecode.c.objc; path = "NSMutableArray+QueueAdditions.m"; sourceTree = "<group>"; };
		9000C15117F6B9F4000B5CBA /* HHAction.h */ = {isa = PBXFileReference; fileEncoding = 4; lastKnownFileType = sourcecode.c.h; path = HHAction.h; sourceTree = "<group>"; };
		9000C15217F6B9F4000B5CBA /* HHAction.m */ = {isa = PBXFileReference; fileEncoding = 4; lastKnownFileType = sourcecode.c.objc; path = HHAction.m; sourceTree = "<group>"; };
		9000C15517F6CFB0000B5CBA /* HHActionHandler.h */ = {isa = PBXFileReference; lastKnownFileType = sourcecode.c.h; path = HHActionHandler.h; sourceTree = "<group>"; };
		9000C15817F6D08F000B5CBA /* HHSpriteNode.h */ = {isa = PBXFileReference; fileEncoding = 4; lastKnownFileType = sourcecode.c.h; path = HHSpriteNode.h; sourceTree = "<group>"; };
		9000C15917F6D08F000B5CBA /* HHSpriteNode.m */ = {isa = PBXFileReference; fileEncoding = 4; lastKnownFileType = sourcecode.c.objc; path = HHSpriteNode.m; sourceTree = "<group>"; };
		9000C15B17F6D39A000B5CBA /* HHTargetNode.h */ = {isa = PBXFileReference; fileEncoding = 4; lastKnownFileType = sourcecode.c.h; path = HHTargetNode.h; sourceTree = "<group>"; };
		9000C15C17F6D39A000B5CBA /* HHTargetNode.m */ = {isa = PBXFileReference; fileEncoding = 4; lastKnownFileType = sourcecode.c.objc; path = HHTargetNode.m; sourceTree = "<group>"; };
		9000C15E17F6D44F000B5CBA /* blue_monkey_target~ipad.png */ = {isa = PBXFileReference; lastKnownFileType = image.png; path = "blue_monkey_target~ipad.png"; sourceTree = "<group>"; };
		9000C16017F6D456000B5CBA /* blue_monkey_target@2x~ipad.png */ = {isa = PBXFileReference; lastKnownFileType = image.png; path = "blue_monkey_target@2x~ipad.png"; sourceTree = "<group>"; };
		9027C4CE17F2B30B0056EFA4 /* Harlequin-Havoc.app */ = {isa = PBXFileReference; explicitFileType = wrapper.application; includeInIndex = 0; path = "Harlequin-Havoc.app"; sourceTree = BUILT_PRODUCTS_DIR; };
		9027C4D117F2B30B0056EFA4 /* Foundation.framework */ = {isa = PBXFileReference; lastKnownFileType = wrapper.framework; name = Foundation.framework; path = System/Library/Frameworks/Foundation.framework; sourceTree = SDKROOT; };
		9027C4D317F2B30B0056EFA4 /* CoreGraphics.framework */ = {isa = PBXFileReference; lastKnownFileType = wrapper.framework; name = CoreGraphics.framework; path = System/Library/Frameworks/CoreGraphics.framework; sourceTree = SDKROOT; };
		9027C4D517F2B30B0056EFA4 /* UIKit.framework */ = {isa = PBXFileReference; lastKnownFileType = wrapper.framework; name = UIKit.framework; path = System/Library/Frameworks/UIKit.framework; sourceTree = SDKROOT; };
		9027C4D717F2B30B0056EFA4 /* SpriteKit.framework */ = {isa = PBXFileReference; lastKnownFileType = wrapper.framework; name = SpriteKit.framework; path = System/Library/Frameworks/SpriteKit.framework; sourceTree = SDKROOT; };
		9027C4F917F2B30C0056EFA4 /* Harlequin-HavocTests.xctest */ = {isa = PBXFileReference; explicitFileType = wrapper.cfbundle; includeInIndex = 0; path = "Harlequin-HavocTests.xctest"; sourceTree = BUILT_PRODUCTS_DIR; };
		9027C4FA17F2B30C0056EFA4 /* XCTest.framework */ = {isa = PBXFileReference; lastKnownFileType = wrapper.framework; name = XCTest.framework; path = Library/Frameworks/XCTest.framework; sourceTree = DEVELOPER_DIR; };
		9027C51117F2B4200056EFA4 /* Harlequin_HavocTests.m */ = {isa = PBXFileReference; fileEncoding = 4; lastKnownFileType = sourcecode.c.objc; path = Harlequin_HavocTests.m; sourceTree = "<group>"; };
		9027C51417F2B4200056EFA4 /* en */ = {isa = PBXFileReference; lastKnownFileType = text.plist.strings; name = en; path = en.lproj/InfoPlist.strings; sourceTree = "<group>"; };
		9027C51517F2B4200056EFA4 /* Harlequin-HavocTests-Info.plist */ = {isa = PBXFileReference; fileEncoding = 4; lastKnownFileType = text.plist.xml; path = "Harlequin-HavocTests-Info.plist"; sourceTree = "<group>"; };
		9027C51B17F2B4800056EFA4 /* en */ = {isa = PBXFileReference; lastKnownFileType = text.plist.strings; name = en; path = en.lproj/InfoPlist.strings; sourceTree = "<group>"; };
		9027C51C17F2B4800056EFA4 /* Harlequin-Havoc-Info.plist */ = {isa = PBXFileReference; fileEncoding = 4; lastKnownFileType = text.plist.xml; path = "Harlequin-Havoc-Info.plist"; sourceTree = "<group>"; };
		9027C51D17F2B4800056EFA4 /* Harlequin-Havoc-Prefix.pch */ = {isa = PBXFileReference; fileEncoding = 4; lastKnownFileType = sourcecode.c.h; path = "Harlequin-Havoc-Prefix.pch"; sourceTree = "<group>"; };
		9027C51E17F2B4800056EFA4 /* Images.xcassets */ = {isa = PBXFileReference; lastKnownFileType = folder.assetcatalog; path = Images.xcassets; sourceTree = "<group>"; };
		9027C52417F2B4DB0056EFA4 /* Base */ = {isa = PBXFileReference; lastKnownFileType = file.storyboard; name = Base; path = Base.lproj/Main_iPad.storyboard; sourceTree = "<group>"; };
		9027C52617F2B4DB0056EFA4 /* Base */ = {isa = PBXFileReference; lastKnownFileType = file.storyboard; name = Base; path = Base.lproj/Main_iPhone.storyboard; sourceTree = "<group>"; };
		9027C53217F2B9740056EFA4 /* main.m */ = {isa = PBXFileReference; fileEncoding = 4; lastKnownFileType = sourcecode.c.objc; path = main.m; sourceTree = "<group>"; };
		9027C53E17F2B97D0056EFA4 /* HHAppDelegate.h */ = {isa = PBXFileReference; fileEncoding = 4; lastKnownFileType = sourcecode.c.h; path = HHAppDelegate.h; sourceTree = "<group>"; };
		9027C53F17F2B97D0056EFA4 /* HHAppDelegate.m */ = {isa = PBXFileReference; fileEncoding = 4; lastKnownFileType = sourcecode.c.objc; path = HHAppDelegate.m; sourceTree = "<group>"; };
		9027C54117F2B97D0056EFA4 /* HHTextureManager.h */ = {isa = PBXFileReference; fileEncoding = 4; lastKnownFileType = sourcecode.c.h; path = HHTextureManager.h; sourceTree = "<group>"; };
		9027C54217F2B97D0056EFA4 /* HHTextureManager.m */ = {isa = PBXFileReference; fileEncoding = 4; lastKnownFileType = sourcecode.c.objc; path = HHTextureManager.m; sourceTree = "<group>"; };
		9027C54317F2B97D0056EFA4 /* TextureIDs.h */ = {isa = PBXFileReference; fileEncoding = 4; lastKnownFileType = sourcecode.c.h; path = TextureIDs.h; sourceTree = "<group>"; };
		9027C55417F2B97D0056EFA4 /* Random.h */ = {isa = PBXFileReference; fileEncoding = 4; lastKnownFileType = sourcecode.c.h; path = Random.h; sourceTree = "<group>"; };
		9027C55517F2B97D0056EFA4 /* Random.m */ = {isa = PBXFileReference; fileEncoding = 4; lastKnownFileType = sourcecode.c.objc; path = Random.m; sourceTree = "<group>"; };
		9027C55617F2B97D0056EFA4 /* UIApplication+AppDimensions.h */ = {isa = PBXFileReference; fileEncoding = 4; lastKnownFileType = sourcecode.c.h; path = "UIApplication+AppDimensions.h"; sourceTree = "<group>"; };
		9027C55717F2B97D0056EFA4 /* UIApplication+AppDimensions.m */ = {isa = PBXFileReference; fileEncoding = 4; lastKnownFileType = sourcecode.c.objc; path = "UIApplication+AppDimensions.m"; sourceTree = "<group>"; };
		9027C56617F2BA710056EFA4 /* background~ipad.png */ = {isa = PBXFileReference; lastKnownFileType = image.png; path = "background~ipad.png"; sourceTree = "<group>"; };
		9027C56817F2BA7B0056EFA4 /* background@2x~ipad.png */ = {isa = PBXFileReference; lastKnownFileType = image.png; path = "background@2x~ipad.png"; sourceTree = "<group>"; };
		905BF49A17F4675F00871C75 /* HHStateStack.h */ = {isa = PBXFileReference; fileEncoding = 4; lastKnownFileType = sourcecode.c.h; path = HHStateStack.h; sourceTree = "<group>"; };
		905BF49B17F4675F00871C75 /* HHStateStack.m */ = {isa = PBXFileReference; fileEncoding = 4; lastKnownFileType = sourcecode.c.objc; path = HHStateStack.m; sourceTree = "<group>"; };
		905BF49D17F46C9D00871C75 /* StateIDs.h */ = {isa = PBXFileReference; lastKnownFileType = sourcecode.c.h; path = StateIDs.h; sourceTree = "<group>"; };
		908076BF17F6F3CE00617DF0 /* HHNode.h */ = {isa = PBXFileReference; fileEncoding = 4; lastKnownFileType = sourcecode.c.h; path = HHNode.h; sourceTree = "<group>"; };
		908076C017F6F3CE00617DF0 /* HHNode.m */ = {isa = PBXFileReference; fileEncoding = 4; lastKnownFileType = sourcecode.c.objc; path = HHNode.m; sourceTree = "<group>"; };
		908076C217F6F85500617DF0 /* HHApplicationViewController.h */ = {isa = PBXFileReference; fileEncoding = 4; lastKnownFileType = sourcecode.c.h; path = HHApplicationViewController.h; sourceTree = "<group>"; };
		908076C317F6F85500617DF0 /* HHApplicationViewController.m */ = {isa = PBXFileReference; fileEncoding = 4; lastKnownFileType = sourcecode.c.objc; path = HHApplicationViewController.m; sourceTree = "<group>"; };
		90F3DB8217F5BD670002EC60 /* HHState.h */ = {isa = PBXFileReference; fileEncoding = 4; lastKnownFileType = sourcecode.c.h; path = HHState.h; sourceTree = "<group>"; };
		90F3DB8317F5BD670002EC60 /* HHState.m */ = {isa = PBXFileReference; fileEncoding = 4; lastKnownFileType = sourcecode.c.objc; path = HHState.m; sourceTree = "<group>"; };
		90F3DB8917F5C9130002EC60 /* HHExampleState.h */ = {isa = PBXFileReference; fileEncoding = 4; lastKnownFileType = sourcecode.c.h; path = HHExampleState.h; sourceTree = "<group>"; };
		90F3DB8A17F5C9130002EC60 /* HHExampleState.m */ = {isa = PBXFileReference; fileEncoding = 4; lastKnownFileType = sourcecode.c.objc; path = HHExampleState.m; sourceTree = "<group>"; };
		90FBBE4917F651F4005EAB66 /* HHActionCategories.h */ = {isa = PBXFileReference; fileEncoding = 4; lastKnownFileType = sourcecode.c.h; path = HHActionCategories.h; sourceTree = "<group>"; };
		90FBBE4A17F651F4005EAB66 /* HHActionCategories.m */ = {isa = PBXFileReference; fileEncoding = 4; lastKnownFileType = sourcecode.c.objc; path = HHActionCategories.m; sourceTree = "<group>"; };
		90FBBE4C17F6520B005EAB66 /* HHActionQueue.h */ = {isa = PBXFileReference; fileEncoding = 4; lastKnownFileType = sourcecode.c.h; path = HHActionQueue.h; sourceTree = "<group>"; };
		90FBBE4D17F6520B005EAB66 /* HHActionQueue.m */ = {isa = PBXFileReference; fileEncoding = 4; lastKnownFileType = sourcecode.c.objc; path = HHActionQueue.m; sourceTree = "<group>"; };
/* End PBXFileReference section */

/* Begin PBXFrameworksBuildPhase section */
		9027C4CB17F2B30B0056EFA4 /* Frameworks */ = {
			isa = PBXFrameworksBuildPhase;
			buildActionMask = 2147483647;
			files = (
				9027C4D417F2B30B0056EFA4 /* CoreGraphics.framework in Frameworks */,
				9027C4D617F2B30B0056EFA4 /* UIKit.framework in Frameworks */,
				9027C4D817F2B30B0056EFA4 /* SpriteKit.framework in Frameworks */,
				9027C4D217F2B30B0056EFA4 /* Foundation.framework in Frameworks */,
			);
			runOnlyForDeploymentPostprocessing = 0;
		};
		9027C4F617F2B30C0056EFA4 /* Frameworks */ = {
			isa = PBXFrameworksBuildPhase;
			buildActionMask = 2147483647;
			files = (
				9027C4FB17F2B30C0056EFA4 /* XCTest.framework in Frameworks */,
				9027C4FD17F2B30C0056EFA4 /* UIKit.framework in Frameworks */,
				9027C4FC17F2B30C0056EFA4 /* Foundation.framework in Frameworks */,
			);
			runOnlyForDeploymentPostprocessing = 0;
		};
/* End PBXFrameworksBuildPhase section */

/* Begin PBXGroup section */
		9000C15617F6D06A000B5CBA /* Scene Entities */ = {
			isa = PBXGroup;
			children = (
				9000C15B17F6D39A000B5CBA /* HHTargetNode.h */,
				9000C15C17F6D39A000B5CBA /* HHTargetNode.m */,
				9000C15717F6D06A000B5CBA /* Base Entities */,
			);
			path = "Scene Entities";
			sourceTree = "<group>";
		};
		9000C15717F6D06A000B5CBA /* Base Entities */ = {
			isa = PBXGroup;
			children = (
				908076BF17F6F3CE00617DF0 /* HHNode.h */,
				908076C017F6F3CE00617DF0 /* HHNode.m */,
				9000C15817F6D08F000B5CBA /* HHSpriteNode.h */,
				9000C15917F6D08F000B5CBA /* HHSpriteNode.m */,
			);
			path = "Base Entities";
			sourceTree = "<group>";
		};
		9027C4C517F2B30B0056EFA4 = {
			isa = PBXGroup;
			children = (
				9027C4D917F2B30B0056EFA4 /* Harlequin-Havoc */,
				9027C51017F2B4200056EFA4 /* Unit Tests */,
				9027C4D017F2B30B0056EFA4 /* Frameworks */,
				9027C4CF17F2B30B0056EFA4 /* Products */,
			);
			sourceTree = "<group>";
		};
		9027C4CF17F2B30B0056EFA4 /* Products */ = {
			isa = PBXGroup;
			children = (
				9027C4CE17F2B30B0056EFA4 /* Harlequin-Havoc.app */,
				9027C4F917F2B30C0056EFA4 /* Harlequin-HavocTests.xctest */,
			);
			name = Products;
			sourceTree = "<group>";
		};
		9027C4D017F2B30B0056EFA4 /* Frameworks */ = {
			isa = PBXGroup;
			children = (
				9027C4D117F2B30B0056EFA4 /* Foundation.framework */,
				9027C4D317F2B30B0056EFA4 /* CoreGraphics.framework */,
				9027C4D517F2B30B0056EFA4 /* UIKit.framework */,
				9027C4D717F2B30B0056EFA4 /* SpriteKit.framework */,
				9027C4FA17F2B30C0056EFA4 /* XCTest.framework */,
			);
			name = Frameworks;
			sourceTree = "<group>";
		};
		9027C4D917F2B30B0056EFA4 /* Harlequin-Havoc */ = {
			isa = PBXGroup;
			children = (
				9027C53217F2B9740056EFA4 /* main.m */,
				9027C52917F2B60D0056EFA4 /* Assets */,
				9027C53417F2B97D0056EFA4 /* Classes */,
				9027C52217F2B4DB0056EFA4 /* Storyboards */,
				9027C51917F2B4800056EFA4 /* Supporting Files */,
			);
			path = "Harlequin-Havoc";
			sourceTree = "<group>";
		};
		9027C51017F2B4200056EFA4 /* Unit Tests */ = {
			isa = PBXGroup;
			children = (
				9027C51117F2B4200056EFA4 /* Harlequin_HavocTests.m */,
				9027C51217F2B4200056EFA4 /* Supporting Files */,
			);
			path = "Unit Tests";
			sourceTree = "<group>";
		};
		9027C51217F2B4200056EFA4 /* Supporting Files */ = {
			isa = PBXGroup;
			children = (
				9027C51317F2B4200056EFA4 /* InfoPlist.strings */,
				9027C51517F2B4200056EFA4 /* Harlequin-HavocTests-Info.plist */,
			);
			path = "Supporting Files";
			sourceTree = "<group>";
		};
		9027C51917F2B4800056EFA4 /* Supporting Files */ = {
			isa = PBXGroup;
			children = (
				9027C51A17F2B4800056EFA4 /* InfoPlist.strings */,
				9027C51C17F2B4800056EFA4 /* Harlequin-Havoc-Info.plist */,
				9027C51D17F2B4800056EFA4 /* Harlequin-Havoc-Prefix.pch */,
				9027C51E17F2B4800056EFA4 /* Images.xcassets */,
			);
			path = "Supporting Files";
			sourceTree = "<group>";
		};
		9027C52217F2B4DB0056EFA4 /* Storyboards */ = {
			isa = PBXGroup;
			children = (
				9027C52317F2B4DB0056EFA4 /* Main_iPad.storyboard */,
				9027C52517F2B4DB0056EFA4 /* Main_iPhone.storyboard */,
			);
			path = Storyboards;
			sourceTree = "<group>";
		};
		9027C52917F2B60D0056EFA4 /* Assets */ = {
			isa = PBXGroup;
			children = (
				9027C52A17F2B60D0056EFA4 /* Fonts */,
				9027C52B17F2B60D0056EFA4 /* Music */,
				9027C52C17F2B60D0056EFA4 /* Sounds */,
				9027C52D17F2B60D0056EFA4 /* Textures */,
			);
			path = Assets;
			sourceTree = "<group>";
		};
		9027C52A17F2B60D0056EFA4 /* Fonts */ = {
			isa = PBXGroup;
			children = (
			);
			path = Fonts;
			sourceTree = "<group>";
		};
		9027C52B17F2B60D0056EFA4 /* Music */ = {
			isa = PBXGroup;
			children = (
			);
			path = Music;
			sourceTree = "<group>";
		};
		9027C52C17F2B60D0056EFA4 /* Sounds */ = {
			isa = PBXGroup;
			children = (
			);
			path = Sounds;
			sourceTree = "<group>";
		};
		9027C52D17F2B60D0056EFA4 /* Textures */ = {
			isa = PBXGroup;
			children = (
				9027C52E17F2B60D0056EFA4 /* iPad (Non-Retina) */,
				9027C52F17F2B60D0056EFA4 /* iPad (Retina) */,
				9027C53017F2B60D0056EFA4 /* iPhone 4 (Retina) */,
				9027C53117F2B60D0056EFA4 /* iPhone 5 (Retina) */,
			);
			path = Textures;
			sourceTree = "<group>";
		};
		9027C52E17F2B60D0056EFA4 /* iPad (Non-Retina) */ = {
			isa = PBXGroup;
			children = (
				9000C15E17F6D44F000B5CBA /* blue_monkey_target~ipad.png */,
				9027C56617F2BA710056EFA4 /* background~ipad.png */,
			);
			path = "iPad (Non-Retina)";
			sourceTree = "<group>";
		};
		9027C52F17F2B60D0056EFA4 /* iPad (Retina) */ = {
			isa = PBXGroup;
			children = (
				9000C16017F6D456000B5CBA /* blue_monkey_target@2x~ipad.png */,
				9027C56817F2BA7B0056EFA4 /* background@2x~ipad.png */,
			);
			path = "iPad (Retina)";
			sourceTree = "<group>";
		};
		9027C53017F2B60D0056EFA4 /* iPhone 4 (Retina) */ = {
			isa = PBXGroup;
			children = (
			);
			path = "iPhone 4 (Retina)";
			sourceTree = "<group>";
		};
		9027C53117F2B60D0056EFA4 /* iPhone 5 (Retina) */ = {
			isa = PBXGroup;
			children = (
			);
			path = "iPhone 5 (Retina)";
			sourceTree = "<group>";
		};
		9027C53417F2B97D0056EFA4 /* Classes */ = {
			isa = PBXGroup;
			children = (
				9027C53E17F2B97D0056EFA4 /* HHAppDelegate.h */,
				9027C53F17F2B97D0056EFA4 /* HHAppDelegate.m */,
				90FBBE4817F651BF005EAB66 /* Actions */,
				9027C54017F2B97D0056EFA4 /* Model */,
				9000C15617F6D06A000B5CBA /* Scene Entities */,
				9027C54417F2B97D0056EFA4 /* States */,
				9027C55317F2B97D0056EFA4 /* Utilities */,
			);
			path = Classes;
			sourceTree = "<group>";
		};
		9027C54017F2B97D0056EFA4 /* Model */ = {
			isa = PBXGroup;
			children = (
				9027C54117F2B97D0056EFA4 /* HHTextureManager.h */,
				9027C54217F2B97D0056EFA4 /* HHTextureManager.m */,
				9027C54317F2B97D0056EFA4 /* TextureIDs.h */,
			);
			path = Model;
			sourceTree = "<group>";
		};
		9027C54417F2B97D0056EFA4 /* States */ = {
			isa = PBXGroup;
			children = (
				905BF49D17F46C9D00871C75 /* StateIDs.h */,
				908076C217F6F85500617DF0 /* HHApplicationViewController.h */,
				908076C317F6F85500617DF0 /* HHApplicationViewController.m */,
				90F3DB8217F5BD670002EC60 /* HHState.h */,
				90F3DB8317F5BD670002EC60 /* HHState.m */,
				905BF49A17F4675F00871C75 /* HHStateStack.h */,
				905BF49B17F4675F00871C75 /* HHStateStack.m */,
				90F3DB8517F5C6E80002EC60 /* Example State */,
			);
			path = States;
			sourceTree = "<group>";
		};
		9027C55317F2B97D0056EFA4 /* Utilities */ = {
			isa = PBXGroup;
			children = (
				9000C14E17F6B83E000B5CBA /* NSMutableArray+QueueAdditions.h */,
				9000C14F17F6B83E000B5CBA /* NSMutableArray+QueueAdditions.m */,
				9027C55417F2B97D0056EFA4 /* Random.h */,
				9027C55517F2B97D0056EFA4 /* Random.m */,
				9027C55617F2B97D0056EFA4 /* UIApplication+AppDimensions.h */,
				9027C55717F2B97D0056EFA4 /* UIApplication+AppDimensions.m */,
			);
			path = Utilities;
			sourceTree = "<group>";
		};
		90F3DB8517F5C6E80002EC60 /* Example State */ = {
			isa = PBXGroup;
			children = (
				90F3DB8917F5C9130002EC60 /* HHExampleState.h */,
				90F3DB8A17F5C9130002EC60 /* HHExampleState.m */,
			);
			path = "Example State";
			sourceTree = "<group>";
		};
		90FBBE4817F651BF005EAB66 /* Actions */ = {
			isa = PBXGroup;
			children = (
				9000C15117F6B9F4000B5CBA /* HHAction.h */,
				9000C15217F6B9F4000B5CBA /* HHAction.m */,
				90FBBE4917F651F4005EAB66 /* HHActionCategories.h */,
				90FBBE4A17F651F4005EAB66 /* HHActionCategories.m */,
				90FBBE4C17F6520B005EAB66 /* HHActionQueue.h */,
				90FBBE4D17F6520B005EAB66 /* HHActionQueue.m */,
				9000C15517F6CFB0000B5CBA /* HHActionHandler.h */,
			);
			path = Actions;
			sourceTree = "<group>";
		};
/* End PBXGroup section */

/* Begin PBXNativeTarget section */
		9027C4CD17F2B30B0056EFA4 /* Harlequin-Havoc */ = {
			isa = PBXNativeTarget;
			buildConfigurationList = 9027C50A17F2B30C0056EFA4 /* Build configuration list for PBXNativeTarget "Harlequin-Havoc" */;
			buildPhases = (
				9027C4CA17F2B30B0056EFA4 /* Sources */,
				9027C4CB17F2B30B0056EFA4 /* Frameworks */,
				9027C4CC17F2B30B0056EFA4 /* Resources */,
			);
			buildRules = (
			);
			dependencies = (
			);
			name = "Harlequin-Havoc";
			productName = "Harlequin-Havoc";
			productReference = 9027C4CE17F2B30B0056EFA4 /* Harlequin-Havoc.app */;
			productType = "com.apple.product-type.application";
		};
		9027C4F817F2B30C0056EFA4 /* Harlequin-HavocTests */ = {
			isa = PBXNativeTarget;
			buildConfigurationList = 9027C50D17F2B30C0056EFA4 /* Build configuration list for PBXNativeTarget "Harlequin-HavocTests" */;
			buildPhases = (
				9027C4F517F2B30C0056EFA4 /* Sources */,
				9027C4F617F2B30C0056EFA4 /* Frameworks */,
				9027C4F717F2B30C0056EFA4 /* Resources */,
			);
			buildRules = (
			);
			dependencies = (
				9027C4FF17F2B30C0056EFA4 /* PBXTargetDependency */,
			);
			name = "Harlequin-HavocTests";
			productName = "Harlequin-HavocTests";
			productReference = 9027C4F917F2B30C0056EFA4 /* Harlequin-HavocTests.xctest */;
			productType = "com.apple.product-type.bundle.unit-test";
		};
/* End PBXNativeTarget section */

/* Begin PBXProject section */
		9027C4C617F2B30B0056EFA4 /* Project object */ = {
			isa = PBXProject;
			attributes = {
				CLASSPREFIX = HH;
				LastUpgradeCheck = 0500;
				ORGANIZATIONNAME = QUT;
				TargetAttributes = {
					9027C4F817F2B30C0056EFA4 = {
						TestTargetID = 9027C4CD17F2B30B0056EFA4;
					};
				};
			};
			buildConfigurationList = 9027C4C917F2B30B0056EFA4 /* Build configuration list for PBXProject "Harlequin-Havoc" */;
			compatibilityVersion = "Xcode 3.2";
			developmentRegion = English;
			hasScannedForEncodings = 0;
			knownRegions = (
				en,
				Base,
			);
			mainGroup = 9027C4C517F2B30B0056EFA4;
			productRefGroup = 9027C4CF17F2B30B0056EFA4 /* Products */;
			projectDirPath = "";
			projectRoot = "";
			targets = (
				9027C4CD17F2B30B0056EFA4 /* Harlequin-Havoc */,
				9027C4F817F2B30C0056EFA4 /* Harlequin-HavocTests */,
			);
		};
/* End PBXProject section */

/* Begin PBXResourcesBuildPhase section */
		9027C4CC17F2B30B0056EFA4 /* Resources */ = {
			isa = PBXResourcesBuildPhase;
			buildActionMask = 2147483647;
			files = (
				9027C56A17F2BAD70056EFA4 /* Main_iPad.storyboard in Resources */,
				9027C56B17F2BAD70056EFA4 /* Main_iPhone.storyboard in Resources */,
				9027C52117F2B4800056EFA4 /* Images.xcassets in Resources */,
				9027C51F17F2B4800056EFA4 /* InfoPlist.strings in Resources */,
				9027C56717F2BA710056EFA4 /* background~ipad.png in Resources */,
				9027C56917F2BA7B0056EFA4 /* background@2x~ipad.png in Resources */,
				9000C15F17F6D44F000B5CBA /* blue_monkey_target~ipad.png in Resources */,
				9000C16117F6D456000B5CBA /* blue_monkey_target@2x~ipad.png in Resources */,
			);
			runOnlyForDeploymentPostprocessing = 0;
		};
		9027C4F717F2B30C0056EFA4 /* Resources */ = {
			isa = PBXResourcesBuildPhase;
			buildActionMask = 2147483647;
			files = (
			);
			runOnlyForDeploymentPostprocessing = 0;
		};
/* End PBXResourcesBuildPhase section */

/* Begin PBXSourcesBuildPhase section */
		9027C4CA17F2B30B0056EFA4 /* Sources */ = {
			isa = PBXSourcesBuildPhase;
			buildActionMask = 2147483647;
			files = (
				90F3DB8B17F5C9130002EC60 /* HHExampleState.m in Sources */,
				90F3DB8417F5BD670002EC60 /* HHState.m in Sources */,
				9027C55C17F2B97D0056EFA4 /* HHAppDelegate.m in Sources */,
				9000C15317F6B9F4000B5CBA /* HHAction.m in Sources */,
				9027C55D17F2B97D0056EFA4 /* HHTextureManager.m in Sources */,
				908076C417F6F85500617DF0 /* HHApplicationViewController.m in Sources */,
				9000C15D17F6D39A000B5CBA /* HHTargetNode.m in Sources */,
				9000C15A17F6D08F000B5CBA /* HHSpriteNode.m in Sources */,
				905BF49C17F4675F00871C75 /* HHStateStack.m in Sources */,
				9027C56417F2B97D0056EFA4 /* Random.m in Sources */,
				90FBBE4E17F6520B005EAB66 /* HHActionQueue.m in Sources */,
				9027C53317F2B9740056EFA4 /* main.m in Sources */,
				9027C56517F2B97D0056EFA4 /* UIApplication+AppDimensions.m in Sources */,
				90FBBE4B17F651F4005EAB66 /* HHActionCategories.m in Sources */,
				908076C117F6F3CE00617DF0 /* HHNode.m in Sources */,
				9000C15017F6B83E000B5CBA /* NSMutableArray+QueueAdditions.m in Sources */,
			);
			runOnlyForDeploymentPostprocessing = 0;
		};
		9027C4F517F2B30C0056EFA4 /* Sources */ = {
			isa = PBXSourcesBuildPhase;
			buildActionMask = 2147483647;
			files = (
			);
			runOnlyForDeploymentPostprocessing = 0;
		};
/* End PBXSourcesBuildPhase section */

/* Begin PBXTargetDependency section */
		9027C4FF17F2B30C0056EFA4 /* PBXTargetDependency */ = {
			isa = PBXTargetDependency;
			target = 9027C4CD17F2B30B0056EFA4 /* Harlequin-Havoc */;
			targetProxy = 9027C4FE17F2B30C0056EFA4 /* PBXContainerItemProxy */;
		};
/* End PBXTargetDependency section */

/* Begin PBXVariantGroup section */
		9027C51317F2B4200056EFA4 /* InfoPlist.strings */ = {
			isa = PBXVariantGroup;
			children = (
				9027C51417F2B4200056EFA4 /* en */,
			);
			name = InfoPlist.strings;
			sourceTree = "<group>";
		};
		9027C51A17F2B4800056EFA4 /* InfoPlist.strings */ = {
			isa = PBXVariantGroup;
			children = (
				9027C51B17F2B4800056EFA4 /* en */,
			);
			name = InfoPlist.strings;
			sourceTree = "<group>";
		};
		9027C52317F2B4DB0056EFA4 /* Main_iPad.storyboard */ = {
			isa = PBXVariantGroup;
			children = (
				9027C52417F2B4DB0056EFA4 /* Base */,
			);
			name = Main_iPad.storyboard;
			sourceTree = "<group>";
		};
		9027C52517F2B4DB0056EFA4 /* Main_iPhone.storyboard */ = {
			isa = PBXVariantGroup;
			children = (
				9027C52617F2B4DB0056EFA4 /* Base */,
			);
			name = Main_iPhone.storyboard;
			sourceTree = "<group>";
		};
/* End PBXVariantGroup section */

/* Begin XCBuildConfiguration section */
		9027C50817F2B30C0056EFA4 /* Debug */ = {
			isa = XCBuildConfiguration;
			buildSettings = {
				ALWAYS_SEARCH_USER_PATHS = NO;
				ARCHS = "$(ARCHS_STANDARD_INCLUDING_64_BIT)";
				CLANG_CXX_LANGUAGE_STANDARD = "gnu++0x";
				CLANG_CXX_LIBRARY = "libc++";
				CLANG_ENABLE_MODULES = YES;
				CLANG_ENABLE_OBJC_ARC = YES;
				CLANG_WARN_BOOL_CONVERSION = YES;
				CLANG_WARN_CONSTANT_CONVERSION = YES;
				CLANG_WARN_DIRECT_OBJC_ISA_USAGE = YES_ERROR;
				CLANG_WARN_EMPTY_BODY = YES;
				CLANG_WARN_ENUM_CONVERSION = YES;
				CLANG_WARN_INT_CONVERSION = YES;
				CLANG_WARN_OBJC_ROOT_CLASS = YES_ERROR;
				CLANG_WARN__DUPLICATE_METHOD_MATCH = YES;
				"CODE_SIGN_IDENTITY[sdk=iphoneos*]" = "iPhone Developer";
				COPY_PHASE_STRIP = NO;
				GCC_C_LANGUAGE_STANDARD = gnu99;
				GCC_DYNAMIC_NO_PIC = NO;
				GCC_OPTIMIZATION_LEVEL = 0;
				GCC_PREPROCESSOR_DEFINITIONS = (
					"DEBUG=1",
					"$(inherited)",
				);
				GCC_SYMBOLS_PRIVATE_EXTERN = NO;
				GCC_WARN_64_TO_32_BIT_CONVERSION = YES;
				GCC_WARN_ABOUT_RETURN_TYPE = YES_ERROR;
				GCC_WARN_UNDECLARED_SELECTOR = YES;
				GCC_WARN_UNINITIALIZED_AUTOS = YES;
				GCC_WARN_UNUSED_FUNCTION = YES;
				GCC_WARN_UNUSED_VARIABLE = YES;
				IPHONEOS_DEPLOYMENT_TARGET = 7.0;
				ONLY_ACTIVE_ARCH = YES;
				SDKROOT = iphoneos;
				TARGETED_DEVICE_FAMILY = "1,2";
			};
			name = Debug;
		};
		9027C50917F2B30C0056EFA4 /* Release */ = {
			isa = XCBuildConfiguration;
			buildSettings = {
				ALWAYS_SEARCH_USER_PATHS = NO;
				ARCHS = "$(ARCHS_STANDARD_INCLUDING_64_BIT)";
				CLANG_CXX_LANGUAGE_STANDARD = "gnu++0x";
				CLANG_CXX_LIBRARY = "libc++";
				CLANG_ENABLE_MODULES = YES;
				CLANG_ENABLE_OBJC_ARC = YES;
				CLANG_WARN_BOOL_CONVERSION = YES;
				CLANG_WARN_CONSTANT_CONVERSION = YES;
				CLANG_WARN_DIRECT_OBJC_ISA_USAGE = YES_ERROR;
				CLANG_WARN_EMPTY_BODY = YES;
				CLANG_WARN_ENUM_CONVERSION = YES;
				CLANG_WARN_INT_CONVERSION = YES;
				CLANG_WARN_OBJC_ROOT_CLASS = YES_ERROR;
				CLANG_WARN__DUPLICATE_METHOD_MATCH = YES;
				"CODE_SIGN_IDENTITY[sdk=iphoneos*]" = "iPhone Developer";
				COPY_PHASE_STRIP = YES;
				ENABLE_NS_ASSERTIONS = NO;
				GCC_C_LANGUAGE_STANDARD = gnu99;
				GCC_WARN_64_TO_32_BIT_CONVERSION = YES;
				GCC_WARN_ABOUT_RETURN_TYPE = YES_ERROR;
				GCC_WARN_UNDECLARED_SELECTOR = YES;
				GCC_WARN_UNINITIALIZED_AUTOS = YES;
				GCC_WARN_UNUSED_FUNCTION = YES;
				GCC_WARN_UNUSED_VARIABLE = YES;
				IPHONEOS_DEPLOYMENT_TARGET = 7.0;
				SDKROOT = iphoneos;
				TARGETED_DEVICE_FAMILY = "1,2";
				VALIDATE_PRODUCT = YES;
			};
			name = Release;
		};
		9027C50B17F2B30C0056EFA4 /* Debug */ = {
			isa = XCBuildConfiguration;
			buildSettings = {
				ASSETCATALOG_COMPILER_APPICON_NAME = AppIcon;
				ASSETCATALOG_COMPILER_LAUNCHIMAGE_NAME = LaunchImage;
				GCC_PRECOMPILE_PREFIX_HEADER = YES;
				GCC_PREFIX_HEADER = "Harlequin-Havoc/Supporting Files/Harlequin-Havoc-Prefix.pch";
				INFOPLIST_FILE = "Harlequin-Havoc/Supporting Files/Harlequin-Havoc-Info.plist";
				PRODUCT_NAME = "$(TARGET_NAME)";
				SPRITEKIT_TEXTURE_ATLAS_OUTPUT = YES;
				WRAPPER_EXTENSION = app;
			};
			name = Debug;
		};
		9027C50C17F2B30C0056EFA4 /* Release */ = {
			isa = XCBuildConfiguration;
			buildSettings = {
				ASSETCATALOG_COMPILER_APPICON_NAME = AppIcon;
				ASSETCATALOG_COMPILER_LAUNCHIMAGE_NAME = LaunchImage;
				GCC_PRECOMPILE_PREFIX_HEADER = YES;
				GCC_PREFIX_HEADER = "Harlequin-Havoc/Supporting Files/Harlequin-Havoc-Prefix.pch";
				INFOPLIST_FILE = "Harlequin-Havoc/Supporting Files/Harlequin-Havoc-Info.plist";
				PRODUCT_NAME = "$(TARGET_NAME)";
				SPRITEKIT_TEXTURE_ATLAS_OUTPUT = YES;
				WRAPPER_EXTENSION = app;
			};
			name = Release;
		};
		9027C50E17F2B30C0056EFA4 /* Debug */ = {
			isa = XCBuildConfiguration;
			buildSettings = {
				ARCHS = "$(ARCHS_STANDARD_INCLUDING_64_BIT)";
				BUNDLE_LOADER = "$(BUILT_PRODUCTS_DIR)/Harlequin-Havoc.app/Harlequin-Havoc";
				FRAMEWORK_SEARCH_PATHS = (
					"$(SDKROOT)/Developer/Library/Frameworks",
					"$(inherited)",
					"$(DEVELOPER_FRAMEWORKS_DIR)",
				);
				GCC_PRECOMPILE_PREFIX_HEADER = YES;
				GCC_PREFIX_HEADER = "Harlequin-Havoc/Harlequin-Havoc-Prefix.pch";
				GCC_PREPROCESSOR_DEFINITIONS = (
					"DEBUG=1",
					"$(inherited)",
				);
				INFOPLIST_FILE = "Harlequin-HavocTests/Harlequin-HavocTests-Info.plist";
				PRODUCT_NAME = "$(TARGET_NAME)";
				TEST_HOST = "$(BUNDLE_LOADER)";
				WRAPPER_EXTENSION = xctest;
			};
			name = Debug;
		};
		9027C50F17F2B30C0056EFA4 /* Release */ = {
			isa = XCBuildConfiguration;
			buildSettings = {
				ARCHS = "$(ARCHS_STANDARD_INCLUDING_64_BIT)";
				BUNDLE_LOADER = "$(BUILT_PRODUCTS_DIR)/Harlequin-Havoc.app/Harlequin-Havoc";
				FRAMEWORK_SEARCH_PATHS = (
					"$(SDKROOT)/Developer/Library/Frameworks",
					"$(inherited)",
					"$(DEVELOPER_FRAMEWORKS_DIR)",
				);
				GCC_PRECOMPILE_PREFIX_HEADER = YES;
				GCC_PREFIX_HEADER = "Harlequin-Havoc/Harlequin-Havoc-Prefix.pch";
				INFOPLIST_FILE = "Harlequin-HavocTests/Harlequin-HavocTests-Info.plist";
				PRODUCT_NAME = "$(TARGET_NAME)";
				TEST_HOST = "$(BUNDLE_LOADER)";
				WRAPPER_EXTENSION = xctest;
			};
			name = Release;
		};
/* End XCBuildConfiguration section */

/* Begin XCConfigurationList section */
		9027C4C917F2B30B0056EFA4 /* Build configuration list for PBXProject "Harlequin-Havoc" */ = {
			isa = XCConfigurationList;
			buildConfigurations = (
				9027C50817F2B30C0056EFA4 /* Debug */,
				9027C50917F2B30C0056EFA4 /* Release */,
			);
			defaultConfigurationIsVisible = 0;
			defaultConfigurationName = Release;
		};
		9027C50A17F2B30C0056EFA4 /* Build configuration list for PBXNativeTarget "Harlequin-Havoc" */ = {
			isa = XCConfigurationList;
			buildConfigurations = (
				9027C50B17F2B30C0056EFA4 /* Debug */,
				9027C50C17F2B30C0056EFA4 /* Release */,
			);
			defaultConfigurationIsVisible = 0;
			defaultConfigurationName = Release;
		};
		9027C50D17F2B30C0056EFA4 /* Build configuration list for PBXNativeTarget "Harlequin-HavocTests" */ = {
			isa = XCConfigurationList;
			buildConfigurations = (
				9027C50E17F2B30C0056EFA4 /* Debug */,
				9027C50F17F2B30C0056EFA4 /* Release */,
			);
			defaultConfigurationIsVisible = 0;
			defaultConfigurationName = Release;
		};
/* End XCConfigurationList section */
	};
	rootObject = 9027C4C617F2B30B0056EFA4 /* Project object */;
}
